# This file is automatically @generated by Cargo.
# It is not intended for manual editing.
version = 4

[[package]]
name = "cfg-if"
version = "1.0.5"
source = "registry+https://github.com/rust-lang/crates.io-index"
checksum = "4e7648175b45a9a48536d676f68d918270699102aa8dab5496df06904c914600"

[[package]]
name = "dashu-base"
version = "0.6.1"
source = "registry+https://github.com/rust-lang/crates.io-index"
checksum = "861a614e79388a4c72aa66b0bdabc91e3a4f30d53e0c8d962953e207d75884d0"
dependencies = [
 "num-modular",
]

[[package]]
name = "dashu-float"
version = "0.6.2"
source = "registry+https://github.com/rust-lang/crates.io-index"
checksum = "4be5a53987dee3a7e9e874aad24cd42cf074f0aa1e6b4d1230189837ea672a49"
dependencies = [
 "dashu-base",
 "dashu-int",
 "num-modular",
 "num-order",
 "static_assertions",
]

[[package]]
name = "dashu-int"
version = "0.6.2"
source = "registry+https://github.com/rust-lang/crates.io-index"
checksum = "64a0490b40a6a3f6427970035f17f76fd59c01d3cd9f9140809672863a0d64c8"
dependencies = [
 "cfg-if",
 "dashu-base",
 "num-modular",
 "num-order",
 "static_assertions",
]

[[package]]
name = "libc"
version = "0.2.189"
source = "registry+https://github.com/rust-lang/crates.io-index"
checksum = "3eaf3ede3fee6db1a4c2ee091bf8a8b4dccdc6d17f656fb07896ee72867612f2"

[[package]]
name = "num-modular"
version = "0.6.6"
source = "registry+https://github.com/rust-lang/crates.io-index"
checksum = "26ac76200f74e658124f95fa63e1a82b2fd2181c5b2fdde80b3d89d2d3f905e7"

[[package]]
name = "num-order"
version = "1.2.0"
source = "registry+https://github.com/rust-lang/crates.io-index"
checksum = "537b596b97c40fcf8056d153049eb22f481c17ebce72a513ec9286e4986d1bb6"
dependencies = [
 "num-modular",
]

[[package]]
name = "quest-mp-backend-bench"
version = "0.0.0"
dependencies = [
 "dashu-float",
 "dashu-int",
 "libc",
]

[[package]]
name = "static_assertions"
version = "1.1.0"
source = "registry+https://github.com/rust-lang/crates.io-index"
checksum = "a2eb9349b6444b326872e140eb1cf5e7c522154d69e7a0ffb0fb81c06b37543f"
